
Microsoft Visual Studio Solution File, Format Version 12.00
# Visual Studio 2012
Project("{ECD6D718-D1CF-4119-97F3-97C25A0DFBF9}") = "BailBond", "BailBond.lsproj", "{97A2AC50-20E3-4C2D-A56F-0FE98433E663}"
EndProject
Global
	GlobalSection(SolutionConfigurationPlatforms) = preSolution
		Debug|Any CPU = Debug|Any CPU
		Release|Any CPU = Release|Any CPU
	EndGlobalSection
	GlobalSection(ProjectConfigurationPlatforms) = postSolution
		{024E69E8-821C-412A-BD1E-07D09CF32762}.Debug|Any CPU.ActiveCfg = Debug|Any CPU
		{024E69E8-821C-412A-BD1E-07D09CF32762}.Debug|Any CPU.Build.0 = Debug|Any CPU
		{024E69E8-821C-412A-BD1E-07D09CF32762}.Release|Any CPU.ActiveCfg = Release|Any CPU
		{024E69E8-821C-412A-BD1E-07D09CF32762}.Release|Any CPU.Build.0 = Release|Any CPU
		{97A2AC50-20E3-4C2D-A56F-0FE98433E663}.Debug|Any CPU.ActiveCfg = Debug|Any CPU
		{97A2AC50-20E3-4C2D-A56F-0FE98433E663}.Debug|Any CPU.Build.0 = Debug|Any CPU
		{97A2AC50-20E3-4C2D-A56F-0FE98433E663}.Release|Any CPU.ActiveCfg = Release|Any CPU
		{97A2AC50-20E3-4C2D-A56F-0FE98433E663}.Release|Any CPU.Build.0 = Release|Any CPU
		{BB386AF9-AC96-4996-A1E6-2CFFF175E448}.Debug|Any CPU.ActiveCfg = Debug|Any CPU
		{BB386AF9-AC96-4996-A1E6-2CFFF175E448}.Debug|Any CPU.Build.0 = Debug|Any CPU
		{BB386AF9-AC96-4996-A1E6-2CFFF175E448}.Release|Any CPU.ActiveCfg = Release|Any CPU
		{BB386AF9-AC96-4996-A1E6-2CFFF175E448}.Release|Any CPU.Build.0 = Release|Any CPU
		{E627507D-3CB8-42E8-B6AE-04F0BA618F09}.Debug|Any CPU.ActiveCfg = Debug|Any CPU
		{E627507D-3CB8-42E8-B6AE-04F0BA618F09}.Debug|Any CPU.Build.0 = Debug|Any CPU
		{E627507D-3CB8-42E8-B6AE-04F0BA618F09}.Release|Any CPU.ActiveCfg = Release|Any CPU
		{E627507D-3CB8-42E8-B6AE-04F0BA618F09}.Release|Any CPU.Build.0 = Release|Any CPU
	EndGlobalSection
	GlobalSection(SolutionProperties) = preSolution
		HideSolutionNode = FALSE
	EndGlobalSection
EndGlobal
